
Microsoft Visual Studio Solution File, Format Version 12.00
# Visual Studio 15
VisualStudioVersion = 15.0.28307.136
MinimumVisualStudioVersion = 10.0.40219.1
Project("{9A19103F-16F7-4668-BE54-9A1E7A4F7556}") = "Hangman", "Hangman\Hangman.csproj", "{84759BF3-7294-4979-9318-561AB592B8ED}"
EndProject
Global
	GlobalSection(SolutionConfigurationPlatforms) = preSolution
		Debug|Any CPU = Debug|Any CPU
		Debug|x64 = Debug|x64
		Release|Any CPU = Release|Any CPU
		Release|x64 = Release|x64
	EndGlobalSection
	GlobalSection(ProjectConfigurationPlatforms) = postSolution
		{84759BF3-7294-4979-9318-561AB592B8ED}.Debug|Any CPU.ActiveCfg = Release|Any CPU
		{84759BF3-7294-4979-9318-561AB592B8ED}.Debug|Any CPU.Build.0 = Release|Any CPU
		{84759BF3-7294-4979-9318-561AB592B8ED}.Debug|x64.ActiveCfg = Debug|x64
		{84759BF3-7294-4979-9318-561AB592B8ED}.Debug|x64.Build.0 = Debug|x64
		{84759BF3-7294-4979-9318-561AB592B8ED}.Release|Any CPU.ActiveCfg = Release|Any CPU
		{84759BF3-7294-4979-9318-561AB592B8ED}.Release|Any CPU.Build.0 = Release|Any CPU
		{84759BF3-7294-4979-9318-561AB592B8ED}.Release|x64.ActiveCfg = Release|x64
		{84759BF3-7294-4979-9318-561AB592B8ED}.Release|x64.Build.0 = Release|x64
	EndGlobalSection
	GlobalSection(SolutionProperties) = preSolution
		HideSolutionNode = FALSE
	EndGlobalSection
	GlobalSection(ExtensibilityGlobals) = postSolution
		SolutionGuid = {47E5B0F8-D5D3-4451-995B-8BA6F8FD59F4}
	EndGlobalSection
EndGlobal
